
Microsoft Visual Studio Solution File, Format Version 12.00
# Visual Studio Version 16
VisualStudioVersion = 16.0.30413.136
MinimumVisualStudioVersion = 15.0.26124.0
Project("{9A19103F-16F7-4668-BE54-9A1E7A4F7556}") = "Marvel.Heroes", "Marvel.Heroes\Marvel.Heroes.csproj", "{09A91E54-3D94-4562-9B8D-5034674A1961}"
EndProject
Project("{9A19103F-16F7-4668-BE54-9A1E7A4F7556}") = "Marvel.Villains", "Marvel.Villains\Marvel.Villains.csproj", "{FFA08931-F461-40DA-896A-7B20F322BD0F}"
EndProject
Project("{9A19103F-16F7-4668-BE54-9A1E7A4F7556}") = "Marvel.World", "Marvel.World\Marvel.World.csproj", "{6B44FE53-2A4D-4814-8404-9C89877B4953}"
EndProject
Project("{E53339B2-1760-4266-BCC7-CA923CBCF16C}") = "docker-compose", "docker-compose.dcproj", "{915EC8FA-9844-4740-B740-E83EBD600458}"
EndProject
Global
	GlobalSection(SolutionConfigurationPlatforms) = preSolution
		Debug|Any CPU = Debug|Any CPU
		Debug|x64 = Debug|x64
		Debug|x86 = Debug|x86
		Release|Any CPU = Release|Any CPU
		Release|x64 = Release|x64
		Release|x86 = Release|x86
	EndGlobalSection
	GlobalSection(ProjectConfigurationPlatforms) = postSolution
		{09A91E54-3D94-4562-9B8D-5034674A1961}.Debug|Any CPU.ActiveCfg = Debug|Any CPU
		{09A91E54-3D94-4562-9B8D-5034674A1961}.Debug|Any CPU.Build.0 = Debug|Any CPU
		{09A91E54-3D94-4562-9B8D-5034674A1961}.Debug|x64.ActiveCfg = Debug|Any CPU
		{09A91E54-3D94-4562-9B8D-5034674A1961}.Debug|x64.Build.0 = Debug|Any CPU
		{09A91E54-3D94-4562-9B8D-5034674A1961}.Debug|x86.ActiveCfg = Debug|Any CPU
		{09A91E54-3D94-4562-9B8D-5034674A1961}.Debug|x86.Build.0 = Debug|Any CPU
		{09A91E54-3D94-4562-9B8D-5034674A1961}.Release|Any CPU.ActiveCfg = Release|Any CPU
		{09A91E54-3D94-4562-9B8D-5034674A1961}.Release|Any CPU.Build.0 = Release|Any CPU
		{09A91E54-3D94-4562-9B8D-5034674A1961}.Release|x64.ActiveCfg = Release|Any CPU
		{09A91E54-3D94-4562-9B8D-5034674A1961}.Release|x64.Build.0 = Release|Any CPU
		{09A91E54-3D94-4562-9B8D-5034674A1961}.Release|x86.ActiveCfg = Release|Any CPU
		{09A91E54-3D94-4562-9B8D-5034674A1961}.Release|x86.Build.0 = Release|Any CPU
		{FFA08931-F461-40DA-896A-7B20F322BD0F}.Debug|Any CPU.ActiveCfg = Debug|Any CPU
		{FFA08931-F461-40DA-896A-7B20F322BD0F}.Debug|Any CPU.Build.0 = Debug|Any CPU
		{FFA08931-F461-40DA-896A-7B20F322BD0F}.Debug|x64.ActiveCfg = Debug|Any CPU
		{FFA08931-F461-40DA-896A-7B20F322BD0F}.Debug|x64.Build.0 = Debug|Any CPU
		{FFA08931-F461-40DA-896A-7B20F322BD0F}.Debug|x86.ActiveCfg = Debug|Any CPU
		{FFA08931-F461-40DA-896A-7B20F322BD0F}.Debug|x86.Build.0 = Debug|Any CPU
		{FFA08931-F461-40DA-896A-7B20F322BD0F}.Release|Any CPU.ActiveCfg = Release|Any CPU
		{FFA08931-F461-40DA-896A-7B20F322BD0F}.Release|Any CPU.Build.0 = Release|Any CPU
		{FFA08931-F461-40DA-896A-7B20F322BD0F}.Release|x64.ActiveCfg = Release|Any CPU
		{FFA08931-F461-40DA-896A-7B20F322BD0F}.Release|x64.Build.0 = Release|Any CPU
		{FFA08931-F461-40DA-896A-7B20F322BD0F}.Release|x86.ActiveCfg = Release|Any CPU
		{FFA08931-F461-40DA-896A-7B20F322BD0F}.Release|x86.Build.0 = Release|Any CPU
		{6B44FE53-2A4D-4814-8404-9C89877B4953}.Debug|Any CPU.ActiveCfg = Debug|Any CPU
		{6B44FE53-2A4D-4814-8404-9C89877B4953}.Debug|Any CPU.Build.0 = Debug|Any CPU
		{6B44FE53-2A4D-4814-8404-9C89877B4953}.Debug|x64.ActiveCfg = Debug|Any CPU
		{6B44FE53-2A4D-4814-8404-9C89877B4953}.Debug|x64.Build.0 = Debug|Any CPU
		{6B44FE53-2A4D-4814-8404-9C89877B4953}.Debug|x86.ActiveCfg = Debug|Any CPU
		{6B44FE53-2A4D-4814-8404-9C89877B4953}.Debug|x86.Build.0 = Debug|Any CPU
		{6B44FE53-2A4D-4814-8404-9C89877B4953}.Release|Any CPU.ActiveCfg = Release|Any CPU
		{6B44FE53-2A4D-4814-8404-9C89877B4953}.Release|Any CPU.Build.0 = Release|Any CPU
		{6B44FE53-2A4D-4814-8404-9C89877B4953}.Release|x64.ActiveCfg = Release|Any CPU
		{6B44FE53-2A4D-4814-8404-9C89877B4953}.Release|x64.Build.0 = Release|Any CPU
		{6B44FE53-2A4D-4814-8404-9C89877B4953}.Release|x86.ActiveCfg = Release|Any CPU
		{6B44FE53-2A4D-4814-8404-9C89877B4953}.Release|x86.Build.0 = Release|Any CPU
		{915EC8FA-9844-4740-B740-E83EBD600458}.Debug|Any CPU.ActiveCfg = Debug|Any CPU
		{915EC8FA-9844-4740-B740-E83EBD600458}.Debug|Any CPU.Build.0 = Debug|Any CPU
		{915EC8FA-9844-4740-B740-E83EBD600458}.Debug|x64.ActiveCfg = Debug|Any CPU
		{915EC8FA-9844-4740-B740-E83EBD600458}.Debug|x64.Build.0 = Debug|Any CPU
		{915EC8FA-9844-4740-B740-E83EBD600458}.Debug|x86.ActiveCfg = Debug|Any CPU
		{915EC8FA-9844-4740-B740-E83EBD600458}.Debug|x86.Build.0 = Debug|Any CPU
		{915EC8FA-9844-4740-B740-E83EBD600458}.Release|Any CPU.ActiveCfg = Release|Any CPU
		{915EC8FA-9844-4740-B740-E83EBD600458}.Release|Any CPU.Build.0 = Release|Any CPU
		{915EC8FA-9844-4740-B740-E83EBD600458}.Release|x64.ActiveCfg = Release|Any CPU
		{915EC8FA-9844-4740-B740-E83EBD600458}.Release|x64.Build.0 = Release|Any CPU
		{915EC8FA-9844-4740-B740-E83EBD600458}.Release|x86.ActiveCfg = Release|Any CPU
		{915EC8FA-9844-4740-B740-E83EBD600458}.Release|x86.Build.0 = Release|Any CPU
	EndGlobalSection
	GlobalSection(SolutionProperties) = preSolution
		HideSolutionNode = FALSE
	EndGlobalSection
	GlobalSection(ExtensibilityGlobals) = postSolution
		SolutionGuid = {B82B24BE-C655-4581-B975-A75E1A1A2AD6}
	EndGlobalSection
EndGlobal
